PODS:
  - AppCenter (2.3.0):
    - AppCenter/Analytics (= 2.3.0)
    - AppCenter/Crashes (= 2.3.0)
  - AppCenter/Analytics (2.3.0):
    - AppCenter/Core
  - AppCenter/Auth (2.3.0):
    - AppCenter/Core
  - AppCenter/Core (2.3.0)
  - AppCenter/Crashes (2.3.0):
    - AppCenter/Core
  - AppCenter/Data (2.3.0):
    - AppCenter/Core
  - AppCenter/Push (2.3.0):
    - AppCenter/Core

DEPENDENCIES:
  - AppCenter
  - AppCenter/Analytics
  - AppCenter/Auth
  - AppCenter/Crashes
  - AppCenter/Data
  - AppCenter/Push

SPEC REPOS:
  https://github.com/cocoapods/specs.git:
    - AppCenter

SPEC CHECKSUMS:
  AppCenter: 9784d2fc998c9bd0b8fbaf4fb9ed69526d12ce1a

PODFILE CHECKSUM: 4f54b1c34f8987d61f3935d55a04200905e9623e

COCOAPODS: 1.7.5
